# This file is automatically @generated by Cargo.
# It is not intended for manual editing.
version = 4

[[package]]
name = "websocket-core"
version = "0.0.0"

[[package]]
name = "websocket-driver"
version = "0.0.0"
dependencies = [
 "websocket-core",
]

[[package]]
name = "websocket-testee"
version = "0.0.0"
dependencies = [
 "websocket-core",
 "websocket-driver",
]
