# This file is automatically @generated by Cargo.
# It is not intended for manual editing.
version = 4

[[package]]
name = "candidate-stub"
version = "0.0.0"

[[package]]
name = "ws-core"
version = "0.0.0"

[[package]]
name = "ws-driver"
version = "0.0.0"
dependencies = [
 "ws-core",
]

[[package]]
name = "ws-oracle-harness"
version = "0.0.0"
dependencies = [
 "ws-core",
 "ws-driver",
]

[[package]]
name = "ws-testee"
version = "0.0.0"
dependencies = [
 "ws-core",
 "ws-driver",
]
